
Microsoft Visual Studio Solution File, Format Version 12.00
# Visual Studio Version 16
VisualStudioVersion = 16.0.32602.291
MinimumVisualStudioVersion = 10.0.40219.1
Project("{FAE04EC0-301F-11D3-BF4B-00C04F79EFBC}") = "ParcialPOO.Entidades", "ParcialPOO.Entidades\ParcialPOO.Entidades.csproj", "{A9F77B2E-2973-4365-A1D9-FCD06A032922}"
EndProject
Project("{FAE04EC0-301F-11D3-BF4B-00C04F79EFBC}") = "ParcialPOO.Consola", "ParcialPOO.Consola\ParcialPOO.Consola.csproj", "{D3ABBC6E-EEC3-4EE8-B11A-6A18D59E040B}"
EndProject
Global
	GlobalSection(SolutionConfigurationPlatforms) = preSolution
		Debug|Any CPU = Debug|Any CPU
		Release|Any CPU = Release|Any CPU
	EndGlobalSection
	GlobalSection(ProjectConfigurationPlatforms) = postSolution
		{A9F77B2E-2973-4365-A1D9-FCD06A032922}.Debug|Any CPU.ActiveCfg = Debug|Any CPU
		{A9F77B2E-2973-4365-A1D9-FCD06A032922}.Debug|Any CPU.Build.0 = Debug|Any CPU
		{A9F77B2E-2973-4365-A1D9-FCD06A032922}.Release|Any CPU.ActiveCfg = Release|Any CPU
		{A9F77B2E-2973-4365-A1D9-FCD06A032922}.Release|Any CPU.Build.0 = Release|Any CPU
		{D3ABBC6E-EEC3-4EE8-B11A-6A18D59E040B}.Debug|Any CPU.ActiveCfg = Debug|Any CPU
		{D3ABBC6E-EEC3-4EE8-B11A-6A18D59E040B}.Debug|Any CPU.Build.0 = Debug|Any CPU
		{D3ABBC6E-EEC3-4EE8-B11A-6A18D59E040B}.Release|Any CPU.ActiveCfg = Release|Any CPU
		{D3ABBC6E-EEC3-4EE8-B11A-6A18D59E040B}.Release|Any CPU.Build.0 = Release|Any CPU
	EndGlobalSection
	GlobalSection(SolutionProperties) = preSolution
		HideSolutionNode = FALSE
	EndGlobalSection
	GlobalSection(ExtensibilityGlobals) = postSolution
		SolutionGuid = {BA2A9AFB-A67A-4AE8-BA3D-2BC01395FB99}
	EndGlobalSection
EndGlobal
